schema: '2.0'
stages:
  data_collection:
    cmd: python src/data_collection.py
    deps:
    - path: src/data_collection.py
      hash: md5
      md5: b8cf1a6dff4e2deb6cdb75947958394e
      size: 1658
    outs:
    - path: data/raw
      hash: md5
      md5: 7bd23b4810615a48356e51d8b96519f3.dir
      size: 930247
      nfiles: 2
  data_preprocessing:
    cmd: python src/data_preprocessing.py
    deps:
    - path: data/raw
      hash: md5
      md5: 7bd23b4810615a48356e51d8b96519f3.dir
      size: 930247
      nfiles: 2
    - path: src/data_preprocessing.py
      hash: md5
      md5: 45e39b0a0577c7ccd3dd04c0ab73ef60
      size: 2471
    outs:
    - path: data/processed
      hash: md5
      md5: 241a4e3f0ad6fecfd9da29b4de02f642.dir
      size: 548234
      nfiles: 2
  model_building:
    cmd: python src/model_building.py
    deps:
    - path: data/processed
      hash: md5
      md5: 241a4e3f0ad6fecfd9da29b4de02f642.dir
      size: 548234
      nfiles: 2
    - path: src/model_building.py
      hash: md5
      md5: c2ac608cf3c241ab1fd547e1f51e190b
      size: 1789
    outs:
    - path: model.pkl
      hash: md5
      md5: e0580dc65e17519a1c851c429dcab4e7
      size: 120396607
  model_evaluation:
    cmd: python src/model_evaluation.py
    deps:
    - path: model.pkl
      hash: md5
      md5: e0580dc65e17519a1c851c429dcab4e7
      size: 120396607
    - path: src/model_evaluation.py
      hash: md5
      md5: d1779335d2cbd4ebe9d83359a62669f2
      size: 1123
    outs:
    - path: metrics.json
      hash: md5
      md5: 25ba929202bb9680c92f453b63077299
      size: 18
