schema: '2.0'
stages:
  data_collection:
    cmd: python src/data_collection.py
    deps:
    - path: src/data_collection.py
      hash: md5
      md5: b8cf1a6dff4e2deb6cdb75947958394e
      size: 1658
    outs:
    - path: data/raw
      hash: md5
      md5: 7bd23b4810615a48356e51d8b96519f3.dir
      size: 930247
      nfiles: 2
  data_preprocessing:
    cmd: python src/data_preprocessing.py
    deps:
    - path: data/raw
      hash: md5
      md5: 7bd23b4810615a48356e51d8b96519f3.dir
      size: 930247
      nfiles: 2
    - path: src/data_preprocessing.py
      hash: md5
      md5: 45e39b0a0577c7ccd3dd04c0ab73ef60
      size: 2471
    outs:
    - path: data/processed
      hash: md5
      md5: 241a4e3f0ad6fecfd9da29b4de02f642.dir
      size: 548234
      nfiles: 2
  model_building:
    cmd: python src/model_building.py
    deps:
    - path: data/processed
      hash: md5
      md5: 241a4e3f0ad6fecfd9da29b4de02f642.dir
      size: 548234
      nfiles: 2
    - path: src/model_building.py
      hash: md5
      md5: f33bad99ef55dbce22b76112dee3a4e1
      size: 1761
    outs:
    - path: model.pkl
      hash: md5
      md5: 084151f15d5b18030fd6d5cb23b46bef
      size: 120013727
  model_evaluation:
    cmd: python src/model_evaluation.py
    deps:
    - path: model.pkl
      hash: md5
      md5: 084151f15d5b18030fd6d5cb23b46bef
      size: 120013727
    - path: src/model_evaluation.py
      hash: md5
      md5: 8c684a39b13778ef1496f167139c7963
      size: 747
    outs:
    - path: metrics.json
      hash: md5
      md5: 892bada37664aad285c3527d3a3e8c0c
      size: 40
