schema: '2.0'
stages:
  data_collection:
    cmd: python src/data_collection.py
    deps:
    - path: src/data_collection.py
      hash: md5
      md5: b8cf1a6dff4e2deb6cdb75947958394e
      size: 1658
    outs:
    - path: data/raw
      hash: md5
      md5: 7bd23b4810615a48356e51d8b96519f3.dir
      size: 930247
      nfiles: 2
  data_preprocessing:
    cmd: python src/data_preprocessing.py
    deps:
    - path: data/raw
      hash: md5
      md5: 7bd23b4810615a48356e51d8b96519f3.dir
      size: 930247
      nfiles: 2
    - path: src/data_preprocessing.py
      hash: md5
      md5: 4d27389476d77b4a3779f093b7a5dd93
      size: 1722
    outs:
    - path: data/processed
      hash: md5
      md5: 241a4e3f0ad6fecfd9da29b4de02f642.dir
      size: 548234
      nfiles: 2
  model_building:
    cmd: python src/model_building.py
    deps:
    - path: data/processed
      hash: md5
      md5: 241a4e3f0ad6fecfd9da29b4de02f642.dir
      size: 548234
      nfiles: 2
    - path: src/model_building.py
      hash: md5
      md5: 825369af511dbfd8d74f85349494fba8
      size: 857
    outs:
    - path: model.pkl
      hash: md5
      md5: 71b77978a2af95441ea5243999a343bb
      size: 120557887
  model_evaluation:
    cmd: python src/model_evaluation.py
    deps:
    - path: model.pkl
      hash: md5
      md5: 71b77978a2af95441ea5243999a343bb
      size: 120557887
    - path: src/model_evaluation.py
      hash: md5
      md5: 8c684a39b13778ef1496f167139c7963
      size: 747
    outs:
    - path: metrics.json
      hash: md5
      md5: 7b890b9e7692e6382f103a4121b1da69
      size: 40
